# THIS IS AN AUTOGENERATED FILE. DO NOT EDIT THIS FILE DIRECTLY.
# yarn lockfile v1


"@types/express@types/express":
  version "4.14.0"
  resolved "https://codeload.github.com/types/express/tar.gz/7670cf1cbce96b3159e3ff04a253926b34111220"
  dependencies:
    "@types/serve-static" "github:types/npm-serve-static#c1f96843c8b96a37f6c534cb1dadb48f5329e4e0"
    path-to-regexp "github:pillarjs/path-to-regexp#ec285ed3500aed455df59e3b8b07f473412918a4"

"@types/serve-static@github:types/npm-serve-static#c1f96843c8b96a37f6c534cb1dadb48f5329e4e0":
  version "1.11.1"
  resolved "https://codeload.github.com/types/npm-serve-static/tar.gz/c1f96843c8b96a37f6c534cb1dadb48f5329e4e0"

isarray@0.0.1:
  version "0.0.1"
  resolved "https://registry.yarnpkg.com/isarray/-/isarray-0.0.1.tgz#8a18acfca9a8f4177e09abfc6038939b05d1eedf"

"path-to-regexp@github:pillarjs/path-to-regexp#ec285ed3500aed455df59e3b8b07f473412918a4":
  version "1.5.3"
  resolved "https://codeload.github.com/pillarjs/path-to-regexp/tar.gz/ec285ed3500aed455df59e3b8b07f473412918a4"
  dependencies:
    isarray "0.0.1"
